
Microsoft Visual Studio Solution File, Format Version 12.00
# Visual Studio Version 17
VisualStudioVersion = 17.5.33516.290
MinimumVisualStudioVersion = 10.0.40219.1
Project("{9A19103F-16F7-4668-BE54-9A1E7A4F7556}") = "Products.Api", "Product.Api\Products.Api.csproj", "{0B990EDF-7A10-4F60-AF1C-73A678BF99AD}"
EndProject
Project("{9A19103F-16F7-4668-BE54-9A1E7A4F7556}") = "Orders.Api", "Order.Api\Orders.Api.csproj", "{3B479C60-3356-42B8-B8CF-A1D6310230D3}"
EndProject
Project("{9A19103F-16F7-4668-BE54-9A1E7A4F7556}") = "Customers.Api", "Customer.Api\Customers.Api.csproj", "{F213F46C-27E2-418B-AD23-B1E127E18084}"
EndProject
Project("{FAE04EC0-301F-11D3-BF4B-00C04F79EFBC}") = "Consumer.Api", "Consumer.Api\Consumer.Api.csproj", "{790F28BC-F84A-4B95-8596-C4EE6B8A69B8}"
EndProject
Global
	GlobalSection(SolutionConfigurationPlatforms) = preSolution
		Debug|Any CPU = Debug|Any CPU
		Release|Any CPU = Release|Any CPU
	EndGlobalSection
	GlobalSection(ProjectConfigurationPlatforms) = postSolution
		{0B990EDF-7A10-4F60-AF1C-73A678BF99AD}.Debug|Any CPU.ActiveCfg = Debug|Any CPU
		{0B990EDF-7A10-4F60-AF1C-73A678BF99AD}.Debug|Any CPU.Build.0 = Debug|Any CPU
		{0B990EDF-7A10-4F60-AF1C-73A678BF99AD}.Release|Any CPU.ActiveCfg = Release|Any CPU
		{0B990EDF-7A10-4F60-AF1C-73A678BF99AD}.Release|Any CPU.Build.0 = Release|Any CPU
		{3B479C60-3356-42B8-B8CF-A1D6310230D3}.Debug|Any CPU.ActiveCfg = Debug|Any CPU
		{3B479C60-3356-42B8-B8CF-A1D6310230D3}.Debug|Any CPU.Build.0 = Debug|Any CPU
		{3B479C60-3356-42B8-B8CF-A1D6310230D3}.Release|Any CPU.ActiveCfg = Release|Any CPU
		{3B479C60-3356-42B8-B8CF-A1D6310230D3}.Release|Any CPU.Build.0 = Release|Any CPU
		{F213F46C-27E2-418B-AD23-B1E127E18084}.Debug|Any CPU.ActiveCfg = Debug|Any CPU
		{F213F46C-27E2-418B-AD23-B1E127E18084}.Debug|Any CPU.Build.0 = Debug|Any CPU
		{F213F46C-27E2-418B-AD23-B1E127E18084}.Release|Any CPU.ActiveCfg = Release|Any CPU
		{F213F46C-27E2-418B-AD23-B1E127E18084}.Release|Any CPU.Build.0 = Release|Any CPU
		{790F28BC-F84A-4B95-8596-C4EE6B8A69B8}.Debug|Any CPU.ActiveCfg = Debug|Any CPU
		{790F28BC-F84A-4B95-8596-C4EE6B8A69B8}.Debug|Any CPU.Build.0 = Debug|Any CPU
		{790F28BC-F84A-4B95-8596-C4EE6B8A69B8}.Release|Any CPU.ActiveCfg = Release|Any CPU
		{790F28BC-F84A-4B95-8596-C4EE6B8A69B8}.Release|Any CPU.Build.0 = Release|Any CPU
	EndGlobalSection
	GlobalSection(SolutionProperties) = preSolution
		HideSolutionNode = FALSE
	EndGlobalSection
	GlobalSection(ExtensibilityGlobals) = postSolution
		SolutionGuid = {5BD5F59D-9E3A-4403-BE23-FEE048DFC66D}
	EndGlobalSection
EndGlobal
